
Microsoft Visual Studio Solution File, Format Version 12.00
# Visual Studio Version 16
VisualStudioVersion = 16.0.30011.22
MinimumVisualStudioVersion = 10.0.40219.1
Project("{F184B08F-C81C-45F6-A57F-5ABD9991F28F}") = "contactPerson", "contactPerson\contactPerson.vbproj", "{42E74CC9-8F5F-4295-B56E-9B1BDF2BB957}"
EndProject
Global
	GlobalSection(SolutionConfigurationPlatforms) = preSolution
		Debug|Any CPU = Debug|Any CPU
		Release|Any CPU = Release|Any CPU
	EndGlobalSection
	GlobalSection(ProjectConfigurationPlatforms) = postSolution
		{42E74CC9-8F5F-4295-B56E-9B1BDF2BB957}.Debug|Any CPU.ActiveCfg = Debug|Any CPU
		{42E74CC9-8F5F-4295-B56E-9B1BDF2BB957}.Debug|Any CPU.Build.0 = Debug|Any CPU
		{42E74CC9-8F5F-4295-B56E-9B1BDF2BB957}.Release|Any CPU.ActiveCfg = Release|Any CPU
		{42E74CC9-8F5F-4295-B56E-9B1BDF2BB957}.Release|Any CPU.Build.0 = Release|Any CPU
	EndGlobalSection
	GlobalSection(SolutionProperties) = preSolution
		HideSolutionNode = FALSE
	EndGlobalSection
	GlobalSection(ExtensibilityGlobals) = postSolution
		SolutionGuid = {81FBC66C-ADEC-4061-84B5-9A0D4CAC3662}
	EndGlobalSection
EndGlobal
